
Microsoft Visual Studio Solution File, Format Version 12.00
# Visual Studio Version 17
VisualStudioVersion = 17.7.34031.279
MinimumVisualStudioVersion = 10.0.40219.1
Project("{9A19103F-16F7-4668-BE54-9A1E7A4F7556}") = "WebApi", "StudentWebAPI\WebApi.csproj", "{F4230360-9B56-4E62-B4FD-35EBAF46D05D}"
	ProjectSection(ProjectDependencies) = postProject
		{46036587-09B0-4AA1-9661-C2C7B34D5FCE} = {46036587-09B0-4AA1-9661-C2C7B34D5FCE}
	EndProjectSection
EndProject
Project("{9A19103F-16F7-4668-BE54-9A1E7A4F7556}") = "APIMVC", "StudentMvc\APIMVC.csproj", "{46036587-09B0-4AA1-9661-C2C7B34D5FCE}"
EndProject
Project("{9A19103F-16F7-4668-BE54-9A1E7A4F7556}") = "APICore", "StudentCore\APICore.csproj", "{BEC0C8E8-BC07-4D44-B9DA-6BF21E78A7EE}"
EndProject
Global
	GlobalSection(SolutionConfigurationPlatforms) = preSolution
		Debug|Any CPU = Debug|Any CPU
		Release|Any CPU = Release|Any CPU
	EndGlobalSection
	GlobalSection(ProjectConfigurationPlatforms) = postSolution
		{F4230360-9B56-4E62-B4FD-35EBAF46D05D}.Debug|Any CPU.ActiveCfg = Debug|Any CPU
		{F4230360-9B56-4E62-B4FD-35EBAF46D05D}.Debug|Any CPU.Build.0 = Debug|Any CPU
		{F4230360-9B56-4E62-B4FD-35EBAF46D05D}.Release|Any CPU.ActiveCfg = Release|Any CPU
		{F4230360-9B56-4E62-B4FD-35EBAF46D05D}.Release|Any CPU.Build.0 = Release|Any CPU
		{46036587-09B0-4AA1-9661-C2C7B34D5FCE}.Debug|Any CPU.ActiveCfg = Debug|Any CPU
		{46036587-09B0-4AA1-9661-C2C7B34D5FCE}.Debug|Any CPU.Build.0 = Debug|Any CPU
		{46036587-09B0-4AA1-9661-C2C7B34D5FCE}.Release|Any CPU.ActiveCfg = Release|Any CPU
		{46036587-09B0-4AA1-9661-C2C7B34D5FCE}.Release|Any CPU.Build.0 = Release|Any CPU
		{BEC0C8E8-BC07-4D44-B9DA-6BF21E78A7EE}.Debug|Any CPU.ActiveCfg = Debug|Any CPU
		{BEC0C8E8-BC07-4D44-B9DA-6BF21E78A7EE}.Debug|Any CPU.Build.0 = Debug|Any CPU
		{BEC0C8E8-BC07-4D44-B9DA-6BF21E78A7EE}.Release|Any CPU.ActiveCfg = Release|Any CPU
		{BEC0C8E8-BC07-4D44-B9DA-6BF21E78A7EE}.Release|Any CPU.Build.0 = Release|Any CPU
	EndGlobalSection
	GlobalSection(SolutionProperties) = preSolution
		HideSolutionNode = FALSE
	EndGlobalSection
	GlobalSection(ExtensibilityGlobals) = postSolution
		SolutionGuid = {58702210-E14C-4C50-AE1E-1FE861E465DD}
	EndGlobalSection
EndGlobal
